
Microsoft Visual Studio Solution File, Format Version 12.00
# Visual Studio 15
VisualStudioVersion = 15.0.28307.572
MinimumVisualStudioVersion = 10.0.40219.1
Project("{FAE04EC0-301F-11D3-BF4B-00C04F79EFBC}") = "Client", "Client\Client.csproj", "{2AA758FB-7D16-449A-84CD-CAA8C6635E23}"
EndProject
Global
	GlobalSection(SolutionConfigurationPlatforms) = preSolution
		Debug|Any CPU = Debug|Any CPU
		Release|Any CPU = Release|Any CPU
	EndGlobalSection
	GlobalSection(ProjectConfigurationPlatforms) = postSolution
		{2AA758FB-7D16-449A-84CD-CAA8C6635E23}.Debug|Any CPU.ActiveCfg = Debug|Any CPU
		{2AA758FB-7D16-449A-84CD-CAA8C6635E23}.Debug|Any CPU.Build.0 = Debug|Any CPU
		{2AA758FB-7D16-449A-84CD-CAA8C6635E23}.Release|Any CPU.ActiveCfg = Release|Any CPU
		{2AA758FB-7D16-449A-84CD-CAA8C6635E23}.Release|Any CPU.Build.0 = Release|Any CPU
	EndGlobalSection
	GlobalSection(SolutionProperties) = preSolution
		HideSolutionNode = FALSE
	EndGlobalSection
	GlobalSection(ExtensibilityGlobals) = postSolution
		SolutionGuid = {1867EC16-3173-43F3-9B89-4EFEB3C0D2C6}
	EndGlobalSection
EndGlobal
